
Microsoft Visual Studio Solution File, Format Version 12.00
# Visual Studio Version 17
VisualStudioVersion = 17.7.34221.43
MinimumVisualStudioVersion = 10.0.40219.1
Project("{FAE04EC0-301F-11D3-BF4B-00C04F79EFBC}") = "CloneKodlamaio", "CloneKodlamaio\CloneKodlamaio.csproj", "{F3529CC5-65C7-4492-B9E9-338223CB02CC}"
EndProject
Global
	GlobalSection(SolutionConfigurationPlatforms) = preSolution
		Debug|Any CPU = Debug|Any CPU
		Release|Any CPU = Release|Any CPU
	EndGlobalSection
	GlobalSection(ProjectConfigurationPlatforms) = postSolution
		{F3529CC5-65C7-4492-B9E9-338223CB02CC}.Debug|Any CPU.ActiveCfg = Debug|Any CPU
		{F3529CC5-65C7-4492-B9E9-338223CB02CC}.Debug|Any CPU.Build.0 = Debug|Any CPU
		{F3529CC5-65C7-4492-B9E9-338223CB02CC}.Release|Any CPU.ActiveCfg = Release|Any CPU
		{F3529CC5-65C7-4492-B9E9-338223CB02CC}.Release|Any CPU.Build.0 = Release|Any CPU
	EndGlobalSection
	GlobalSection(SolutionProperties) = preSolution
		HideSolutionNode = FALSE
	EndGlobalSection
	GlobalSection(ExtensibilityGlobals) = postSolution
		SolutionGuid = {627865A6-E1E2-4A24-ACBF-1814E78ECCFE}
	EndGlobalSection
EndGlobal
